
Microsoft Visual Studio Solution File, Format Version 12.00
# Visual Studio Version 16
VisualStudioVersion = 16.0.29509.3
MinimumVisualStudioVersion = 10.0.40219.1
Project("{FAE04EC0-301F-11D3-BF4B-00C04F79EFBC}") = "FormUI", "FormUI\FormUI.csproj", "{9A15AEB6-3593-462C-AABE-7DFE9E6AB502}"
EndProject
Global
	GlobalSection(SolutionConfigurationPlatforms) = preSolution
		Debug|Any CPU = Debug|Any CPU
		Release|Any CPU = Release|Any CPU
	EndGlobalSection
	GlobalSection(ProjectConfigurationPlatforms) = postSolution
		{9A15AEB6-3593-462C-AABE-7DFE9E6AB502}.Debug|Any CPU.ActiveCfg = Debug|Any CPU
		{9A15AEB6-3593-462C-AABE-7DFE9E6AB502}.Debug|Any CPU.Build.0 = Debug|Any CPU
		{9A15AEB6-3593-462C-AABE-7DFE9E6AB502}.Release|Any CPU.ActiveCfg = Release|Any CPU
		{9A15AEB6-3593-462C-AABE-7DFE9E6AB502}.Release|Any CPU.Build.0 = Release|Any CPU
	EndGlobalSection
	GlobalSection(SolutionProperties) = preSolution
		HideSolutionNode = FALSE
	EndGlobalSection
	GlobalSection(ExtensibilityGlobals) = postSolution
		SolutionGuid = {8F29C1F7-5355-4A30-868F-22A946C909C2}
	EndGlobalSection
EndGlobal
